
Microsoft Visual Studio Solution File, Format Version 12.00
# Visual Studio 15
VisualStudioVersion = 15.0.28307.421
MinimumVisualStudioVersion = 10.0.40219.1
Project("{888888A0-9F3D-457C-B088-3A5042F75D52}") = "calculationDelayDateMyself", "calculationDelayDateMyself\calculationDelayDateMyself.pyproj", "{DF4520F6-99D8-4B00-81B7-76DBD53D161A}"
EndProject
Global
	GlobalSection(SolutionConfigurationPlatforms) = preSolution
		Debug|Any CPU = Debug|Any CPU
		Release|Any CPU = Release|Any CPU
	EndGlobalSection
	GlobalSection(ProjectConfigurationPlatforms) = postSolution
		{DF4520F6-99D8-4B00-81B7-76DBD53D161A}.Debug|Any CPU.ActiveCfg = Debug|Any CPU
		{DF4520F6-99D8-4B00-81B7-76DBD53D161A}.Release|Any CPU.ActiveCfg = Release|Any CPU
	EndGlobalSection
	GlobalSection(SolutionProperties) = preSolution
		HideSolutionNode = FALSE
	EndGlobalSection
	GlobalSection(ExtensibilityGlobals) = postSolution
		SolutionGuid = {50B4930E-898D-425D-9138-7186A02EC600}
	EndGlobalSection
EndGlobal
